
Microsoft Visual Studio Solution File, Format Version 12.00
# Visual Studio 15
VisualStudioVersion = 15.0.28307.136
MinimumVisualStudioVersion = 10.0.40219.1
Project("{FAE04EC0-301F-11D3-BF4B-00C04F79EFBC}") = "SerilogTests", "SerilogTests\SerilogTests.csproj", "{ED43E140-8A91-4E38-943F-967C596D7AD3}"
EndProject
Global
	GlobalSection(SolutionConfigurationPlatforms) = preSolution
		Debug|Any CPU = Debug|Any CPU
		Release|Any CPU = Release|Any CPU
	EndGlobalSection
	GlobalSection(ProjectConfigurationPlatforms) = postSolution
		{ED43E140-8A91-4E38-943F-967C596D7AD3}.Debug|Any CPU.ActiveCfg = Debug|Any CPU
		{ED43E140-8A91-4E38-943F-967C596D7AD3}.Debug|Any CPU.Build.0 = Debug|Any CPU
		{ED43E140-8A91-4E38-943F-967C596D7AD3}.Release|Any CPU.ActiveCfg = Release|Any CPU
		{ED43E140-8A91-4E38-943F-967C596D7AD3}.Release|Any CPU.Build.0 = Release|Any CPU
	EndGlobalSection
	GlobalSection(SolutionProperties) = preSolution
		HideSolutionNode = FALSE
	EndGlobalSection
	GlobalSection(ExtensibilityGlobals) = postSolution
		SolutionGuid = {BF599524-32A9-4331-B4D8-AB6E86B9DCE0}
	EndGlobalSection
EndGlobal
